// !$*UTF8*$!
{
	archiveVersion = 1;
	classes = {
	};
	objectVersion = 50;
	objects = {

/* Begin PBXBuildFile section */
		CA1EDF1A2080A4D5003B92C9 /* AppDelegate.swift in Sources */ = {isa = PBXBuildFile; fileRef = CA1EDF192080A4D5003B92C9 /* AppDelegate.swift */; };
		CA1EDF1C2080A4D5003B92C9 /* ViewController.swift in Sources */ = {isa = PBXBuildFile; fileRef = CA1EDF1B2080A4D5003B92C9 /* ViewController.swift */; };
		CA1EDF1F2080A4D5003B92C9 /* Main.storyboard in Resources */ = {isa = PBXBuildFile; fileRef = CA1EDF1D2080A4D5003B92C9 /* Main.storyboard */; };
		CA1EDF212080A4D9003B92C9 /* Assets.xcassets in Resources */ = {isa = PBXBuildFile; fileRef = CA1EDF202080A4D9003B92C9 /* Assets.xcassets */; };
		CA1EDF242080A4D9003B92C9 /* LaunchScreen.storyboard in Resources */ = {isa = PBXBuildFile; fileRef = CA1EDF222080A4D9003B92C9 /* LaunchScreen.storyboard */; };
		CA1EDF2F2080A4D9003B92C9 /* TechMonsterTests.swift in Sources */ = {isa = PBXBuildFile; fileRef = CA1EDF2E2080A4D9003B92C9 /* TechMonsterTests.swift */; };
		CA1EDF3A2080A4D9003B92C9 /* TechMonsterUITests.swift in Sources */ = {isa = PBXBuildFile; fileRef = CA1EDF392080A4D9003B92C9 /* TechMonsterUITests.swift */; };
		CA1EDF5E2080A51E003B92C9 /* lobby.png in Resources */ = {isa = PBXBuildFile; fileRef = CA1EDF492080A51E003B92C9 /* lobby.png */; };
		CA1EDF5F2080A51E003B92C9 /* battlebg.png in Resources */ = {isa = PBXBuildFile; fileRef = CA1EDF4A2080A51E003B92C9 /* battlebg.png */; };
		CA1EDF602080A51E003B92C9 /* bgimage.jpg in Resources */ = {isa = PBXBuildFile; fileRef = CA1EDF4B2080A51E003B92C9 /* bgimage.jpg */; };
		CA1EDF612080A51E003B92C9 /* waku.png in Resources */ = {isa = PBXBuildFile; fileRef = CA1EDF4C2080A51E003B92C9 /* waku.png */; };
		CA1EDF622080A51E003B92C9 /* gold_button.png in Resources */ = {isa = PBXBuildFile; fileRef = CA1EDF4D2080A51E003B92C9 /* gold_button.png */; };
		CA1EDF632080A51E003B92C9 /* yusya.png in Resources */ = {isa = PBXBuildFile; fileRef = CA1EDF4E2080A51E003B92C9 /* yusya.png */; };
		CA1EDF642080A51E003B92C9 /* monster.png in Resources */ = {isa = PBXBuildFile; fileRef = CA1EDF4F2080A51E003B92C9 /* monster.png */; };
		CA1EDF652080A51E003B92C9 /* Enemy.swift in Sources */ = {isa = PBXBuildFile; fileRef = CA1EDF512080A51E003B92C9 /* Enemy.swift */; };
		CA1EDF662080A51E003B92C9 /* TechDraUtil.swift in Sources */ = {isa = PBXBuildFile; fileRef = CA1EDF522080A51E003B92C9 /* TechDraUtil.swift */; };
		CA1EDF672080A51E003B92C9 /* Player.swift in Sources */ = {isa = PBXBuildFile; fileRef = CA1EDF532080A51E003B92C9 /* Player.swift */; };
		CA1EDF682080A51E003B92C9 /* SE_fanfare.mp3 in Resources */ = {isa = PBXBuildFile; fileRef = CA1EDF552080A51E003B92C9 /* SE_fanfare.mp3 */; };
		CA1EDF692080A51E003B92C9 /* BGM_battle001.mp3 in Resources */ = {isa = PBXBuildFile; fileRef = CA1EDF562080A51E003B92C9 /* BGM_battle001.mp3 */; };
		CA1EDF6A2080A51E003B92C9 /* SE_fire.mp3 in Resources */ = {isa = PBXBuildFile; fileRef = CA1EDF572080A51E003B92C9 /* SE_fire.mp3 */; };
		CA1EDF6B2080A51E003B92C9 /* SE_attack.mp3 in Resources */ = {isa = PBXBuildFile; fileRef = CA1EDF582080A51E003B92C9 /* SE_attack.mp3 */; };
		CA1EDF6C2080A51E003B92C9 /* SE_gameover.mp3 in Resources */ = {isa = PBXBuildFile; fileRef = CA1EDF592080A51E003B92C9 /* SE_gameover.mp3 */; };
		CA1EDF6D2080A51E003B92C9 /* SE_charge.mp3 in Resources */ = {isa = PBXBuildFile; fileRef = CA1EDF5A2080A51E003B92C9 /* SE_charge.mp3 */; };
		CA1EDF6E2080A51E003B92C9 /* lobby.mp3 in Resources */ = {isa = PBXBuildFile; fileRef = CA1EDF5B2080A51E003B92C9 /* lobby.mp3 */; };
		CA1EDF6F2080A51E003B92C9 /* misaki_gothic.ttf in Resources */ = {isa = PBXBuildFile; fileRef = CA1EDF5D2080A51E003B92C9 /* misaki_gothic.ttf */; };
		CA1EDF732080AC28003B92C9 /* LobbyViewController.swift in Sources */ = {isa = PBXBuildFile; fileRef = CA1EDF722080AC28003B92C9 /* LobbyViewController.swift */; };
		CA1EDF752080AC5D003B92C9 /* BattleViewController.swift in Sources */ = {isa = PBXBuildFile; fileRef = CA1EDF742080AC5D003B92C9 /* BattleViewController.swift */; };
/* End PBXBuildFile section */

/* Begin PBXContainerItemProxy section */
		CA1EDF2B2080A4D9003B92C9 /* PBXContainerItemProxy */ = {
			isa = PBXContainerItemProxy;
			containerPortal = CA1EDF0E2080A4D5003B92C9 /* Project object */;
			proxyType = 1;
			remoteGlobalIDString = CA1EDF152080A4D5003B92C9;
			remoteInfo = TechMonster;
		};
		CA1EDF362080A4D9003B92C9 /* PBXContainerItemProxy */ = {
			isa = PBXContainerItemProxy;
			containerPortal = CA1EDF0E2080A4D5003B92C9 /* Project object */;
			proxyType = 1;
			remoteGlobalIDString = CA1EDF152080A4D5003B92C9;
			remoteInfo = TechMonster;
		};
/* End PBXContainerItemProxy section */

/* Begin PBXFileReference section */
		CA1EDF162080A4D5003B92C9 /* TechMonster.app */ = {isa = PBXFileReference; explicitFileType = wrapper.application; includeInIndex = 0; path = TechMonster.app; sourceTree = BUILT_PRODUCTS_DIR; };
		CA1EDF192080A4D5003B92C9 /* AppDelegate.swift */ = {isa = PBXFileReference; lastKnownFileType = sourcecode.swift; path = AppDelegate.swift; sourceTree = "<group>"; };
		CA1EDF1B2080A4D5003B92C9 /* ViewController.swift */ = {isa = PBXFileReference; lastKnownFileType = sourcecode.swift; path = ViewController.swift; sourceTree = "<group>"; };
		CA1EDF1E2080A4D5003B92C9 /* Base */ = {isa = PBXFileReference; lastKnownFileType = file.storyboard; name = Base; path = Base.lproj/Main.storyboard; sourceTree = "<group>"; };
		CA1EDF202080A4D9003B92C9 /* Assets.xcassets */ = {isa = PBXFileReference; lastKnownFileType = folder.assetcatalog; path = Assets.xcassets; sourceTree = "<group>"; };
		CA1EDF232080A4D9003B92C9 /* Base */ = {isa = PBXFileReference; lastKnownFileType = file.storyboard; name = Base; path = Base.lproj/LaunchScreen.storyboard; sourceTree = "<group>"; };
		CA1EDF252080A4D9003B92C9 /* Info.plist */ = {isa = PBXFileReference; lastKnownFileType = text.plist.xml; path = Info.plist; sourceTree = "<group>"; };
		CA1EDF2A2080A4D9003B92C9 /* TechMonsterTests.xctest */ = {isa = PBXFileReference; explicitFileType = wrapper.cfbundle; includeInIndex = 0; path = TechMonsterTests.xctest; sourceTree = BUILT_PRODUCTS_DIR; };
		CA1EDF2E2080A4D9003B92C9 /* TechMonsterTests.swift */ = {isa = PBXFileReference; lastKnownFileType = sourcecode.swift; path = TechMonsterTests.swift; sourceTree = "<group>"; };
		CA1EDF302080A4D9003B92C9 /* Info.plist */ = {isa = PBXFileReference; lastKnownFileType = text.plist.xml; path = Info.plist; sourceTree = "<group>"; };
		CA1EDF352080A4D9003B92C9 /* TechMonsterUITests.xctest */ = {isa = PBXFileReference; explicitFileType = wrapper.cfbundle; includeInIndex = 0; path = TechMonsterUITests.xctest; sourceTree = BUILT_PRODUCTS_DIR; };
		CA1EDF392080A4D9003B92C9 /* TechMonsterUITests.swift */ = {isa = PBXFileReference; lastKnownFileType = sourcecode.swift; path = TechMonsterUITests.swift; sourceTree = "<group>"; };
		CA1EDF3B2080A4D9003B92C9 /* Info.plist */ = {isa = PBXFileReference; lastKnownFileType = text.plist.xml; path = Info.plist; sourceTree = "<group>"; };
		CA1EDF492080A51E003B92C9 /* lobby.png */ = {isa = PBXFileReference; lastKnownFileType = image.png; path = lobby.png; sourceTree = "<group>"; };
		CA1EDF4A2080A51E003B92C9 /* battlebg.png */ = {isa = PBXFileReference; lastKnownFileType = image.png; path = battlebg.png; sourceTree = "<group>"; };
		CA1EDF4B2080A51E003B92C9 /* bgimage.jpg */ = {isa = PBXFileReference; lastKnownFileType = image.jpeg; path = bgimage.jpg; sourceTree = "<group>"; };
		CA1EDF4C2080A51E003B92C9 /* waku.png */ = {isa = PBXFileReference; lastKnownFileType = image.png; path = waku.png; sourceTree = "<group>"; };
		CA1EDF4D2080A51E003B92C9 /* gold_button.png */ = {isa = PBXFileReference; lastKnownFileType = image.png; path = gold_button.png; sourceTree = "<group>"; };
		CA1EDF4E2080A51E003B92C9 /* yusya.png */ = {isa = PBXFileReference; lastKnownFileType = image.png; path = yusya.png; sourceTree = "<group>"; };
		CA1EDF4F2080A51E003B92C9 /* monster.png */ = {isa = PBXFileReference; lastKnownFileType = image.png; path = monster.png; sourceTree = "<group>"; };
		CA1EDF512080A51E003B92C9 /* Enemy.swift */ = {isa = PBXFileReference; fileEncoding = 4; lastKnownFileType = sourcecode.swift; path = Enemy.swift; sourceTree = "<group>"; };
		CA1EDF522080A51E003B92C9 /* TechDraUtil.swift */ = {isa = PBXFileReference; fileEncoding = 4; lastKnownFileType = sourcecode.swift; path = TechDraUtil.swift; sourceTree = "<group>"; };
		CA1EDF532080A51E003B92C9 /* Player.swift */ = {isa = PBXFileReference; fileEncoding = 4; lastKnownFileType = sourcecode.swift; path = Player.swift; sourceTree = "<group>"; };
		CA1EDF552080A51E003B92C9 /* SE_fanfare.mp3 */ = {isa = PBXFileReference; lastKnownFileType = audio.mp3; path = SE_fanfare.mp3; sourceTree = "<group>"; };
		CA1EDF562080A51E003B92C9 /* BGM_battle001.mp3 */ = {isa = PBXFileReference; lastKnownFileType = audio.mp3; path = BGM_battle001.mp3; sourceTree = "<group>"; };
		CA1EDF572080A51E003B92C9 /* SE_fire.mp3 */ = {isa = PBXFileReference; lastKnownFileType = audio.mp3; path = SE_fire.mp3; sourceTree = "<group>"; };
		CA1EDF582080A51E003B92C9 /* SE_attack.mp3 */ = {isa = PBXFileReference; lastKnownFileType = audio.mp3; path = SE_attack.mp3; sourceTree = "<group>"; };
		CA1EDF592080A51E003B92C9 /* SE_gameover.mp3 */ = {isa = PBXFileReference; lastKnownFileType = audio.mp3; path = SE_gameover.mp3; sourceTree = "<group>"; };
		CA1EDF5A2080A51E003B92C9 /* SE_charge.mp3 */ = {isa = PBXFileReference; lastKnownFileType = audio.mp3; path = SE_charge.mp3; sourceTree = "<group>"; };
		CA1EDF5B2080A51E003B92C9 /* lobby.mp3 */ = {isa = PBXFileReference; lastKnownFileType = audio.mp3; path = lobby.mp3; sourceTree = "<group>"; };
		CA1EDF5D2080A51E003B92C9 /* misaki_gothic.ttf */ = {isa = PBXFileReference; lastKnownFileType = file; path = misaki_gothic.ttf; sourceTree = "<group>"; };
		CA1EDF722080AC28003B92C9 /* LobbyViewController.swift */ = {isa = PBXFileReference; lastKnownFileType = sourcecode.swift; path = LobbyViewController.swift; sourceTree = "<group>"; };
		CA1EDF742080AC5D003B92C9 /* BattleViewController.swift */ = {isa = PBXFileReference; lastKnownFileType = sourcecode.swift; path = BattleViewController.swift; sourceTree = "<group>"; };
/* End PBXFileReference section */

/* Begin PBXFrameworksBuildPhase section */
		CA1EDF132080A4D5003B92C9 /* Frameworks */ = {
			isa = PBXFrameworksBuildPhase;
			buildActionMask = 2147483647;
			files = (
			);
			runOnlyForDeploymentPostprocessing = 0;
		};
		CA1EDF272080A4D9003B92C9 /* Frameworks */ = {
			isa = PBXFrameworksBuildPhase;
			buildActionMask = 2147483647;
			files = (
			);
			runOnlyForDeploymentPostprocessing = 0;
		};
		CA1EDF322080A4D9003B92C9 /* Frameworks */ = {
			isa = PBXFrameworksBuildPhase;
			buildActionMask = 2147483647;
			files = (
			);
			runOnlyForDeploymentPostprocessing = 0;
		};
/* End PBXFrameworksBuildPhase section */

/* Begin PBXGroup section */
		CA1EDF0D2080A4D5003B92C9 = {
			isa = PBXGroup;
			children = (
				CA1EDF182080A4D5003B92C9 /* TechMonster */,
				CA1EDF2D2080A4D9003B92C9 /* TechMonsterTests */,
				CA1EDF382080A4D9003B92C9 /* TechMonsterUITests */,
				CA1EDF172080A4D5003B92C9 /* Products */,
			);
			sourceTree = "<group>";
		};
		CA1EDF172080A4D5003B92C9 /* Products */ = {
			isa = PBXGroup;
			children = (
				CA1EDF162080A4D5003B92C9 /* TechMonster.app */,
				CA1EDF2A2080A4D9003B92C9 /* TechMonsterTests.xctest */,
				CA1EDF352080A4D9003B92C9 /* TechMonsterUITests.xctest */,
			);
			name = Products;
			sourceTree = "<group>";
		};
		CA1EDF182080A4D5003B92C9 /* TechMonster */ = {
			isa = PBXGroup;
			children = (
				CA1EDF472080A51E003B92C9 /* TechMon_Resources */,
				CA1EDF192080A4D5003B92C9 /* AppDelegate.swift */,
				CA1EDF722080AC28003B92C9 /* LobbyViewController.swift */,
				CA1EDF742080AC5D003B92C9 /* BattleViewController.swift */,
				CA1EDF1B2080A4D5003B92C9 /* ViewController.swift */,
				CA1EDF1D2080A4D5003B92C9 /* Main.storyboard */,
				CA1EDF202080A4D9003B92C9 /* Assets.xcassets */,
				CA1EDF222080A4D9003B92C9 /* LaunchScreen.storyboard */,
				CA1EDF252080A4D9003B92C9 /* Info.plist */,
			);
			path = TechMonster;
			sourceTree = "<group>";
		};
		CA1EDF2D2080A4D9003B92C9 /* TechMonsterTests */ = {
			isa = PBXGroup;
			children = (
				CA1EDF2E2080A4D9003B92C9 /* TechMonsterTests.swift */,
				CA1EDF302080A4D9003B92C9 /* Info.plist */,
			);
			path = TechMonsterTests;
			sourceTree = "<group>";
		};
		CA1EDF382080A4D9003B92C9 /* TechMonsterUITests */ = {
			isa = PBXGroup;
			children = (
				CA1EDF392080A4D9003B92C9 /* TechMonsterUITests.swift */,
				CA1EDF3B2080A4D9003B92C9 /* Info.plist */,
			);
			path = TechMonsterUITests;
			sourceTree = "<group>";
		};
		CA1EDF472080A51E003B92C9 /* TechMon_Resources */ = {
			isa = PBXGroup;
			children = (
				CA1EDF482080A51E003B92C9 /* Images */,
				CA1EDF502080A51E003B92C9 /* Models */,
				CA1EDF542080A51E003B92C9 /* Sounds */,
				CA1EDF5C2080A51E003B92C9 /* Fonts */,
			);
			path = TechMon_Resources;
			sourceTree = "<group>";
		};
		CA1EDF482080A51E003B92C9 /* Images */ = {
			isa = PBXGroup;
			children = (
				CA1EDF492080A51E003B92C9 /* lobby.png */,
				CA1EDF4A2080A51E003B92C9 /* battlebg.png */,
				CA1EDF4B2080A51E003B92C9 /* bgimage.jpg */,
				CA1EDF4C2080A51E003B92C9 /* waku.png */,
				CA1EDF4D2080A51E003B92C9 /* gold_button.png */,
				CA1EDF4E2080A51E003B92C9 /* yusya.png */,
				CA1EDF4F2080A51E003B92C9 /* monster.png */,
			);
			path = Images;
			sourceTree = "<group>";
		};
		CA1EDF502080A51E003B92C9 /* Models */ = {
			isa = PBXGroup;
			children = (
				CA1EDF512080A51E003B92C9 /* Enemy.swift */,
				CA1EDF522080A51E003B92C9 /* TechDraUtil.swift */,
				CA1EDF532080A51E003B92C9 /* Player.swift */,
			);
			path = Models;
			sourceTree = "<group>";
		};
		CA1EDF542080A51E003B92C9 /* Sounds */ = {
			isa = PBXGroup;
			children = (
				CA1EDF552080A51E003B92C9 /* SE_fanfare.mp3 */,
				CA1EDF562080A51E003B92C9 /* BGM_battle001.mp3 */,
				CA1EDF572080A51E003B92C9 /* SE_fire.mp3 */,
				CA1EDF582080A51E003B92C9 /* SE_attack.mp3 */,
				CA1EDF592080A51E003B92C9 /* SE_gameover.mp3 */,
				CA1EDF5A2080A51E003B92C9 /* SE_charge.mp3 */,
				CA1EDF5B2080A51E003B92C9 /* lobby.mp3 */,
			);
			path = Sounds;
			sourceTree = "<group>";
		};
		CA1EDF5C2080A51E003B92C9 /* Fonts */ = {
			isa = PBXGroup;
			children = (
				CA1EDF5D2080A51E003B92C9 /* misaki_gothic.ttf */,
			);
			path = Fonts;
			sourceTree = "<group>";
		};
/* End PBXGroup section */

/* Begin PBXNativeTarget section */
		CA1EDF152080A4D5003B92C9 /* TechMonster */ = {
			isa = PBXNativeTarget;
			buildConfigurationList = CA1EDF3E2080A4D9003B92C9 /* Build configuration list for PBXNativeTarget "TechMonster" */;
			buildPhases = (
				CA1EDF122080A4D5003B92C9 /* Sources */,
				CA1EDF132080A4D5003B92C9 /* Frameworks */,
				CA1EDF142080A4D5003B92C9 /* Resources */,
			);
			buildRules = (
			);
			dependencies = (
			);
			name = TechMonster;
			productName = TechMonster;
			productReference = CA1EDF162080A4D5003B92C9 /* TechMonster.app */;
			productType = "com.apple.product-type.application";
		};
		CA1EDF292080A4D9003B92C9 /* TechMonsterTests */ = {
			isa = PBXNativeTarget;
			buildConfigurationList = CA1EDF412080A4D9003B92C9 /* Build configuration list for PBXNativeTarget "TechMonsterTests" */;
			buildPhases = (
				CA1EDF262080A4D9003B92C9 /* Sources */,
				CA1EDF272080A4D9003B92C9 /* Frameworks */,
				CA1EDF282080A4D9003B92C9 /* Resources */,
			);
			buildRules = (
			);
			dependencies = (
				CA1EDF2C2080A4D9003B92C9 /* PBXTargetDependency */,
			);
			name = TechMonsterTests;
			productName = TechMonsterTests;
			productReference = CA1EDF2A2080A4D9003B92C9 /* TechMonsterTests.xctest */;
			productType = "com.apple.product-type.bundle.unit-test";
		};
		CA1EDF342080A4D9003B92C9 /* TechMonsterUITests */ = {
			isa = PBXNativeTarget;
			buildConfigurationList = CA1EDF442080A4D9003B92C9 /* Build configuration list for PBXNativeTarget "TechMonsterUITests" */;
			buildPhases = (
				CA1EDF312080A4D9003B92C9 /* Sources */,
				CA1EDF322080A4D9003B92C9 /* Frameworks */,
				CA1EDF332080A4D9003B92C9 /* Resources */,
			);
			buildRules = (
			);
			dependencies = (
				CA1EDF372080A4D9003B92C9 /* PBXTargetDependency */,
			);
			name = TechMonsterUITests;
			productName = TechMonsterUITests;
			productReference = CA1EDF352080A4D9003B92C9 /* TechMonsterUITests.xctest */;
			productType = "com.apple.product-type.bundle.ui-testing";
		};
/* End PBXNativeTarget section */

/* Begin PBXProject section */
		CA1EDF0E2080A4D5003B92C9 /* Project object */ = {
			isa = PBXProject;
			attributes = {
				LastSwiftUpdateCheck = 0930;
				LastUpgradeCheck = 0930;
				ORGANIZATIONNAME = sho;
				TargetAttributes = {
					CA1EDF152080A4D5003B92C9 = {
						CreatedOnToolsVersion = 9.3;
					};
					CA1EDF292080A4D9003B92C9 = {
						CreatedOnToolsVersion = 9.3;
						TestTargetID = CA1EDF152080A4D5003B92C9;
					};
					CA1EDF342080A4D9003B92C9 = {
						CreatedOnToolsVersion = 9.3;
						TestTargetID = CA1EDF152080A4D5003B92C9;
					};
				};
			};
			buildConfigurationList = CA1EDF112080A4D5003B92C9 /* Build configuration list for PBXProject "TechMonster" */;
			compatibilityVersion = "Xcode 9.3";
			developmentRegion = en;
			hasScannedForEncodings = 0;
			knownRegions = (
				en,
				Base,
			);
			mainGroup = CA1EDF0D2080A4D5003B92C9;
			productRefGroup = CA1EDF172080A4D5003B92C9 /* Products */;
			projectDirPath = "";
			projectRoot = "";
			targets = (
				CA1EDF152080A4D5003B92C9 /* TechMonster */,
				CA1EDF292080A4D9003B92C9 /* TechMonsterTests */,
				CA1EDF342080A4D9003B92C9 /* TechMonsterUITests */,
			);
		};
/* End PBXProject section */

/* Begin PBXResourcesBuildPhase section */
		CA1EDF142080A4D5003B92C9 /* Resources */ = {
			isa = PBXResourcesBuildPhase;
			buildActionMask = 2147483647;
			files = (
				CA1EDF632080A51E003B92C9 /* yusya.png in Resources */,
				CA1EDF602080A51E003B92C9 /* bgimage.jpg in Resources */,
				CA1EDF612080A51E003B92C9 /* waku.png in Resources */,
				CA1EDF682080A51E003B92C9 /* SE_fanfare.mp3 in Resources */,
				CA1EDF5E2080A51E003B92C9 /* lobby.png in Resources */,
				CA1EDF622080A51E003B92C9 /* gold_button.png in Resources */,
				CA1EDF6B2080A51E003B92C9 /* SE_attack.mp3 in Resources */,
				CA1EDF242080A4D9003B92C9 /* LaunchScreen.storyboard in Resources */,
				CA1EDF6E2080A51E003B92C9 /* lobby.mp3 in Resources */,
				CA1EDF212080A4D9003B92C9 /* Assets.xcassets in Resources */,
				CA1EDF6F2080A51E003B92C9 /* misaki_gothic.ttf in Resources */,
				CA1EDF6C2080A51E003B92C9 /* SE_gameover.mp3 in Resources */,
				CA1EDF5F2080A51E003B92C9 /* battlebg.png in Resources */,
				CA1EDF692080A51E003B92C9 /* BGM_battle001.mp3 in Resources */,
				CA1EDF6D2080A51E003B92C9 /* SE_charge.mp3 in Resources */,
				CA1EDF6A2080A51E003B92C9 /* SE_fire.mp3 in Resources */,
				CA1EDF642080A51E003B92C9 /* monster.png in Resources */,
				CA1EDF1F2080A4D5003B92C9 /* Main.storyboard in Resources */,
			);
			runOnlyForDeploymentPostprocessing = 0;
		};
		CA1EDF282080A4D9003B92C9 /* Resources */ = {
			isa = PBXResourcesBuildPhase;
			buildActionMask = 2147483647;
			files = (
			);
			runOnlyForDeploymentPostprocessing = 0;
		};
		CA1EDF332080A4D9003B92C9 /* Resources */ = {
			isa = PBXResourcesBuildPhase;
			buildActionMask = 2147483647;
			files = (
			);
			runOnlyForDeploymentPostprocessing = 0;
		};
/* End PBXResourcesBuildPhase section */

/* Begin PBXSourcesBuildPhase section */
		CA1EDF122080A4D5003B92C9 /* Sources */ = {
			isa = PBXSourcesBuildPhase;
			buildActionMask = 2147483647;
			files = (
				CA1EDF752080AC5D003B92C9 /* BattleViewController.swift in Sources */,
				CA1EDF1C2080A4D5003B92C9 /* ViewController.swift in Sources */,
				CA1EDF662080A51E003B92C9 /* TechDraUtil.swift in Sources */,
				CA1EDF1A2080A4D5003B92C9 /* AppDelegate.swift in Sources */,
				CA1EDF732080AC28003B92C9 /* LobbyViewController.swift in Sources */,
				CA1EDF672080A51E003B92C9 /* Player.swift in Sources */,
				CA1EDF652080A51E003B92C9 /* Enemy.swift in Sources */,
			);
			runOnlyForDeploymentPostprocessing = 0;
		};
		CA1EDF262080A4D9003B92C9 /* Sources */ = {
			isa = PBXSourcesBuildPhase;
			buildActionMask = 2147483647;
			files = (
				CA1EDF2F2080A4D9003B92C9 /* TechMonsterTests.swift in Sources */,
			);
			runOnlyForDeploymentPostprocessing = 0;
		};
		CA1EDF312080A4D9003B92C9 /* Sources */ = {
			isa = PBXSourcesBuildPhase;
			buildActionMask = 2147483647;
			files = (
				CA1EDF3A2080A4D9003B92C9 /* TechMonsterUITests.swift in Sources */,
			);
			runOnlyForDeploymentPostprocessing = 0;
		};
/* End PBXSourcesBuildPhase section */

/* Begin PBXTargetDependency section */
		CA1EDF2C2080A4D9003B92C9 /* PBXTargetDependency */ = {
			isa = PBXTargetDependency;
			target = CA1EDF152080A4D5003B92C9 /* TechMonster */;
			targetProxy = CA1EDF2B2080A4D9003B92C9 /* PBXContainerItemProxy */;
		};
		CA1EDF372080A4D9003B92C9 /* PBXTargetDependency */ = {
			isa = PBXTargetDependency;
			target = CA1EDF152080A4D5003B92C9 /* TechMonster */;
			targetProxy = CA1EDF362080A4D9003B92C9 /* PBXContainerItemProxy */;
		};
/* End PBXTargetDependency section */

/* Begin PBXVariantGroup section */
		CA1EDF1D2080A4D5003B92C9 /* Main.storyboard */ = {
			isa = PBXVariantGroup;
			children = (
				CA1EDF1E2080A4D5003B92C9 /* Base */,
			);
			name = Main.storyboard;
			sourceTree = "<group>";
		};
		CA1EDF222080A4D9003B92C9 /* LaunchScreen.storyboard */ = {
			isa = PBXVariantGroup;
			children = (
				CA1EDF232080A4D9003B92C9 /* Base */,
			);
			name = LaunchScreen.storyboard;
			sourceTree = "<group>";
		};
/* End PBXVariantGroup section */

/* Begin XCBuildConfiguration section */
		CA1EDF3C2080A4D9003B92C9 /* Debug */ = {
			isa = XCBuildConfiguration;
			buildSettings = {
				ALWAYS_SEARCH_USER_PATHS = NO;
				CLANG_ANALYZER_NONNULL = YES;
				CLANG_ANALYZER_NUMBER_OBJECT_CONVERSION = YES_AGGRESSIVE;
				CLANG_CXX_LANGUAGE_STANDARD = "gnu++14";
				CLANG_CXX_LIBRARY = "libc++";
				CLANG_ENABLE_MODULES = YES;
				CLANG_ENABLE_OBJC_ARC = YES;
				CLANG_ENABLE_OBJC_WEAK = YES;
				CLANG_WARN_BLOCK_CAPTURE_AUTORELEASING = YES;
				CLANG_WARN_BOOL_CONVERSION = YES;
				CLANG_WARN_COMMA = YES;
				CLANG_WARN_CONSTANT_CONVERSION = YES;
				CLANG_WARN_DEPRECATED_OBJC_IMPLEMENTATIONS = YES;
				CLANG_WARN_DIRECT_OBJC_ISA_USAGE = YES_ERROR;
				CLANG_WARN_DOCUMENTATION_COMMENTS = YES;
				CLANG_WARN_EMPTY_BODY = YES;
				CLANG_WARN_ENUM_CONVERSION = YES;
				CLANG_WARN_INFINITE_RECURSION = YES;
				CLANG_WARN_INT_CONVERSION = YES;
				CLANG_WARN_NON_LITERAL_NULL_CONVERSION = YES;
				CLANG_WARN_OBJC_IMPLICIT_RETAIN_SELF = YES;
				CLANG_WARN_OBJC_LITERAL_CONVERSION = YES;
				CLANG_WARN_OBJC_ROOT_CLASS = YES_ERROR;
				CLANG_WARN_RANGE_LOOP_ANALYSIS = YES;
				CLANG_WARN_STRICT_PROTOTYPES = YES;
				CLANG_WARN_SUSPICIOUS_MOVE = YES;
				CLANG_WARN_UNGUARDED_AVAILABILITY = YES_AGGRESSIVE;
				CLANG_WARN_UNREACHABLE_CODE = YES;
				CLANG_WARN__DUPLICATE_METHOD_MATCH = YES;
				CODE_SIGN_IDENTITY = "iPhone Developer";
				COPY_PHASE_STRIP = NO;
				DEBUG_INFORMATION_FORMAT = dwarf;
				ENABLE_STRICT_OBJC_MSGSEND = YES;
				ENABLE_TESTABILITY = YES;
				GCC_C_LANGUAGE_STANDARD = gnu11;
				GCC_DYNAMIC_NO_PIC = NO;
				GCC_NO_COMMON_BLOCKS = YES;
				GCC_OPTIMIZATION_LEVEL = 0;
				GCC_PREPROCESSOR_DEFINITIONS = (
					"DEBUG=1",
					"$(inherited)",
				);
				GCC_WARN_64_TO_32_BIT_CONVERSION = YES;
				GCC_WARN_ABOUT_RETURN_TYPE = YES_ERROR;
				GCC_WARN_UNDECLARED_SELECTOR = YES;
				GCC_WARN_UNINITIALIZED_AUTOS = YES_AGGRESSIVE;
				GCC_WARN_UNUSED_FUNCTION = YES;
				GCC_WARN_UNUSED_VARIABLE = YES;
				IPHONEOS_DEPLOYMENT_TARGET = 11.3;
				MTL_ENABLE_DEBUG_INFO = YES;
				ONLY_ACTIVE_ARCH = YES;
				SDKROOT = iphoneos;
				SWIFT_ACTIVE_COMPILATION_CONDITIONS = DEBUG;
				SWIFT_OPTIMIZATION_LEVEL = "-Onone";
			};
			name = Debug;
		};
		CA1EDF3D2080A4D9003B92C9 /* Release */ = {
			isa = XCBuildConfiguration;
			buildSettings = {
				ALWAYS_SEARCH_USER_PATHS = NO;
				CLANG_ANALYZER_NONNULL = YES;
				CLANG_ANALYZER_NUMBER_OBJECT_CONVERSION = YES_AGGRESSIVE;
				CLANG_CXX_LANGUAGE_STANDARD = "gnu++14";
				CLANG_CXX_LIBRARY = "libc++";
				CLANG_ENABLE_MODULES = YES;
				CLANG_ENABLE_OBJC_ARC = YES;
				CLANG_ENABLE_OBJC_WEAK = YES;
				CLANG_WARN_BLOCK_CAPTURE_AUTORELEASING = YES;
				CLANG_WARN_BOOL_CONVERSION = YES;
				CLANG_WARN_COMMA = YES;
				CLANG_WARN_CONSTANT_CONVERSION = YES;
				CLANG_WARN_DEPRECATED_OBJC_IMPLEMENTATIONS = YES;
				CLANG_WARN_DIRECT_OBJC_ISA_USAGE = YES_ERROR;
				CLANG_WARN_DOCUMENTATION_COMMENTS = YES;
				CLANG_WARN_EMPTY_BODY = YES;
				CLANG_WARN_ENUM_CONVERSION = YES;
				CLANG_WARN_INFINITE_RECURSION = YES;
				CLANG_WARN_INT_CONVERSION = YES;
				CLANG_WARN_NON_LITERAL_NULL_CONVERSION = YES;
				CLANG_WARN_OBJC_IMPLICIT_RETAIN_SELF = YES;
				CLANG_WARN_OBJC_LITERAL_CONVERSION = YES;
				CLANG_WARN_OBJC_ROOT_CLASS = YES_ERROR;
				CLANG_WARN_RANGE_LOOP_ANALYSIS = YES;
				CLANG_WARN_STRICT_PROTOTYPES = YES;
				CLANG_WARN_SUSPICIOUS_MOVE = YES;
				CLANG_WARN_UNGUARDED_AVAILABILITY = YES_AGGRESSIVE;
				CLANG_WARN_UNREACHABLE_CODE = YES;
				CLANG_WARN__DUPLICATE_METHOD_MATCH = YES;
				CODE_SIGN_IDENTITY = "iPhone Developer";
				COPY_PHASE_STRIP = NO;
				DEBUG_INFORMATION_FORMAT = "dwarf-with-dsym";
				ENABLE_NS_ASSERTIONS = NO;
				ENABLE_STRICT_OBJC_MSGSEND = YES;
				GCC_C_LANGUAGE_STANDARD = gnu11;
				GCC_NO_COMMON_BLOCKS = YES;
				GCC_WARN_64_TO_32_BIT_CONVERSION = YES;
				GCC_WARN_ABOUT_RETURN_TYPE = YES_ERROR;
				GCC_WARN_UNDECLARED_SELECTOR = YES;
				GCC_WARN_UNINITIALIZED_AUTOS = YES_AGGRESSIVE;
				GCC_WARN_UNUSED_FUNCTION = YES;
				GCC_WARN_UNUSED_VARIABLE = YES;
				IPHONEOS_DEPLOYMENT_TARGET = 11.3;
				MTL_ENABLE_DEBUG_INFO = NO;
				SDKROOT = iphoneos;
				SWIFT_COMPILATION_MODE = wholemodule;
				SWIFT_OPTIMIZATION_LEVEL = "-O";
				VALIDATE_PRODUCT = YES;
			};
			name = Release;
		};
		CA1EDF3F2080A4D9003B92C9 /* Debug */ = {
			isa = XCBuildConfiguration;
			buildSettings = {
				ASSETCATALOG_COMPILER_APPICON_NAME = AppIcon;
				CODE_SIGN_STYLE = Automatic;
				DEVELOPMENT_TEAM = BV8VP6YGE9;
				INFOPLIST_FILE = TechMonster/Info.plist;
				IPHONEOS_DEPLOYMENT_TARGET = 11.0;
				LD_RUNPATH_SEARCH_PATHS = (
					"$(inherited)",
					"@executable_path/Frameworks",
				);
				PRODUCT_BUNDLE_IDENTIFIER = jp.sho.TechMonster;
				PRODUCT_NAME = "$(TARGET_NAME)";
				SWIFT_VERSION = 4.0;
				TARGETED_DEVICE_FAMILY = "1,2";
			};
			name = Debug;
		};
		CA1EDF402080A4D9003B92C9 /* Release */ = {
			isa = XCBuildConfiguration;
			buildSettings = {
				ASSETCATALOG_COMPILER_APPICON_NAME = AppIcon;
				CODE_SIGN_STYLE = Automatic;
				DEVELOPMENT_TEAM = BV8VP6YGE9;
				INFOPLIST_FILE = TechMonster/Info.plist;
				IPHONEOS_DEPLOYMENT_TARGET = 11.0;
				LD_RUNPATH_SEARCH_PATHS = (
					"$(inherited)",
					"@executable_path/Frameworks",
				);
				PRODUCT_BUNDLE_IDENTIFIER = jp.sho.TechMonster;
				PRODUCT_NAME = "$(TARGET_NAME)";
				SWIFT_VERSION = 4.0;
				TARGETED_DEVICE_FAMILY = "1,2";
			};
			name = Release;
		};
		CA1EDF422080A4D9003B92C9 /* Debug */ = {
			isa = XCBuildConfiguration;
			buildSettings = {
				ALWAYS_EMBED_SWIFT_STANDARD_LIBRARIES = YES;
				BUNDLE_LOADER = "$(TEST_HOST)";
				CODE_SIGN_STYLE = Automatic;
				DEVELOPMENT_TEAM = BV8VP6YGE9;
				INFOPLIST_FILE = TechMonsterTests/Info.plist;
				LD_RUNPATH_SEARCH_PATHS = (
					"$(inherited)",
					"@executable_path/Frameworks",
					"@loader_path/Frameworks",
				);
				PRODUCT_BUNDLE_IDENTIFIER = jp.sho.TechMonsterTests;
				PRODUCT_NAME = "$(TARGET_NAME)";
				SWIFT_VERSION = 4.0;
				TARGETED_DEVICE_FAMILY = "1,2";
				TEST_HOST = "$(BUILT_PRODUCTS_DIR)/TechMonster.app/TechMonster";
			};
			name = Debug;
		};
		CA1EDF432080A4D9003B92C9 /* Release */ = {
			isa = XCBuildConfiguration;
			buildSettings = {
				ALWAYS_EMBED_SWIFT_STANDARD_LIBRARIES = YES;
				BUNDLE_LOADER = "$(TEST_HOST)";
				CODE_SIGN_STYLE = Automatic;
				DEVELOPMENT_TEAM = BV8VP6YGE9;
				INFOPLIST_FILE = TechMonsterTests/Info.plist;
				LD_RUNPATH_SEARCH_PATHS = (
					"$(inherited)",
					"@executable_path/Frameworks",
					"@loader_path/Frameworks",
				);
				PRODUCT_BUNDLE_IDENTIFIER = jp.sho.TechMonsterTests;
				PRODUCT_NAME = "$(TARGET_NAME)";
				SWIFT_VERSION = 4.0;
				TARGETED_DEVICE_FAMILY = "1,2";
				TEST_HOST = "$(BUILT_PRODUCTS_DIR)/TechMonster.app/TechMonster";
			};
			name = Release;
		};
		CA1EDF452080A4D9003B92C9 /* Debug */ = {
			isa = XCBuildConfiguration;
			buildSettings = {
				ALWAYS_EMBED_SWIFT_STANDARD_LIBRARIES = YES;
				CODE_SIGN_STYLE = Automatic;
				DEVELOPMENT_TEAM = BV8VP6YGE9;
				INFOPLIST_FILE = TechMonsterUITests/Info.plist;
				LD_RUNPATH_SEARCH_PATHS = (
					"$(inherited)",
					"@executable_path/Frameworks",
					"@loader_path/Frameworks",
				);
				PRODUCT_BUNDLE_IDENTIFIER = jp.sho.TechMonsterUITests;
				PRODUCT_NAME = "$(TARGET_NAME)";
				SWIFT_VERSION = 4.0;
				TARGETED_DEVICE_FAMILY = "1,2";
				TEST_TARGET_NAME = TechMonster;
			};
			name = Debug;
		};
		CA1EDF462080A4D9003B92C9 /* Release */ = {
			isa = XCBuildConfiguration;
			buildSettings = {
				ALWAYS_EMBED_SWIFT_STANDARD_LIBRARIES = YES;
				CODE_SIGN_STYLE = Automatic;
				DEVELOPMENT_TEAM = BV8VP6YGE9;
				INFOPLIST_FILE = TechMonsterUITests/Info.plist;
				LD_RUNPATH_SEARCH_PATHS = (
					"$(inherited)",
					"@executable_path/Frameworks",
					"@loader_path/Frameworks",
				);
				PRODUCT_BUNDLE_IDENTIFIER = jp.sho.TechMonsterUITests;
				PRODUCT_NAME = "$(TARGET_NAME)";
				SWIFT_VERSION = 4.0;
				TARGETED_DEVICE_FAMILY = "1,2";
				TEST_TARGET_NAME = TechMonster;
			};
			name = Release;
		};
/* End XCBuildConfiguration section */

/* Begin XCConfigurationList section */
		CA1EDF112080A4D5003B92C9 /* Build configuration list for PBXProject "TechMonster" */ = {
			isa = XCConfigurationList;
			buildConfigurations = (
				CA1EDF3C2080A4D9003B92C9 /* Debug */,
				CA1EDF3D2080A4D9003B92C9 /* Release */,
			);
			defaultConfigurationIsVisible = 0;
			defaultConfigurationName = Release;
		};
		CA1EDF3E2080A4D9003B92C9 /* Build configuration list for PBXNativeTarget "TechMonster" */ = {
			isa = XCConfigurationList;
			buildConfigurations = (
				CA1EDF3F2080A4D9003B92C9 /* Debug */,
				CA1EDF402080A4D9003B92C9 /* Release */,
			);
			defaultConfigurationIsVisible = 0;
			defaultConfigurationName = Release;
		};
		CA1EDF412080A4D9003B92C9 /* Build configuration list for PBXNativeTarget "TechMonsterTests" */ = {
			isa = XCConfigurationList;
			buildConfigurations = (
				CA1EDF422080A4D9003B92C9 /* Debug */,
				CA1EDF432080A4D9003B92C9 /* Release */,
			);
			defaultConfigurationIsVisible = 0;
			defaultConfigurationName = Release;
		};
		CA1EDF442080A4D9003B92C9 /* Build configuration list for PBXNativeTarget "TechMonsterUITests" */ = {
			isa = XCConfigurationList;
			buildConfigurations = (
				CA1EDF452080A4D9003B92C9 /* Debug */,
				CA1EDF462080A4D9003B92C9 /* Release */,
			);
			defaultConfigurationIsVisible = 0;
			defaultConfigurationName = Release;
		};
/* End XCConfigurationList section */
	};
	rootObject = CA1EDF0E2080A4D5003B92C9 /* Project object */;
}
